# THIS IS AN AUTOGENERATED FILE. DO NOT EDIT THIS FILE DIRECTLY.
# yarn lockfile v1


"@grafana/faro-core@^1.0.2":
  version "1.0.2"
  resolved "https://registry.yarnpkg.com/@grafana/faro-core/-/faro-core-1.0.2.tgz#ac3d635a4ac464ab577c7e475c78211acd09bf02"
  integrity sha512-6gOgyF0wxbubaDk/n3TceKF5Rgn+3rVKpHzD8ktseFfm+4c1oAc27d6XqrLm3cz/KSChs+k7amrZtGo6p+X4nA==
  dependencies:
    "@opentelemetry/api" "^1.4.0"
    "@opentelemetry/api-metrics" "^0.33.0"
    "@opentelemetry/otlp-transformer" "^0.35.0"

"@grafana/faro-web-sdk@^1.0.2":
  version "1.0.2"
  resolved "https://registry.yarnpkg.com/@grafana/faro-web-sdk/-/faro-web-sdk-1.0.2.tgz#24e305a5d91fccc9c57577606f0adb12ad7f4a93"
  integrity sha512-C5Cx1owlhdpa+CSu4s5cBN9jmFGfhdoUilWc9bP0gK5LW/MIPlysYNgE/1jCyYYQekOnQPNAxwBUOx1c0kbDqg==
  dependencies:
    "@grafana/faro-core" "^1.0.2"
    ua-parser-js "^1.0.32"
    web-vitals "^3.1.1"

"@opentelemetry/api-metrics@^0.33.0":
  version "0.33.0"
  resolved "https://registry.yarnpkg.com/@opentelemetry/api-metrics/-/api-metrics-0.33.0.tgz#753d355289b7811ad254d6e5b0193bd1b9f23ab0"
  integrity sha512-78evfPRRRnJA6uZ3xuBuS3VZlXTO/LRs+Ff1iv3O/7DgibCtq9k27T6Zlj8yRdJDFmcjcbQrvC0/CpDpWHaZYA==
  dependencies:
    "@opentelemetry/api" "^1.0.0"

"@opentelemetry/api@^1.0.0", "@opentelemetry/api@^1.4.0":
  version "1.4.1"
  resolved "https://registry.yarnpkg.com/@opentelemetry/api/-/api-1.4.1.tgz#ff22eb2e5d476fbc2450a196e40dd243cc20c28f"
  integrity sha512-O2yRJce1GOc6PAy3QxFM4NzFiWzvScDC1/5ihYBL6BUEVdq0XMWN01sppE+H6bBXbaFYipjwFLEWLg5PaSOThA==

"@opentelemetry/core@1.9.1":
  version "1.9.1"
  resolved "https://registry.yarnpkg.com/@opentelemetry/core/-/core-1.9.1.tgz#e343337e1a7bf30e9a6aef3ef659b9b76379762a"
  integrity sha512-6/qon6tw2I8ZaJnHAQUUn4BqhTbTNRS0WP8/bA0ynaX+Uzp/DDbd0NS0Cq6TMlh8+mrlsyqDE7mO50nmv2Yvlg==
  dependencies:
    "@opentelemetry/semantic-conventions" "1.9.1"

"@opentelemetry/otlp-transformer@^0.35.0":
  version "0.35.1"
  resolved "https://registry.yarnpkg.com/@opentelemetry/otlp-transformer/-/otlp-transformer-0.35.1.tgz#d4333b71324b83dbb1b0b3a4cfd769b3e214c6f9"
  integrity sha512-c0HXcJ49MKoWSaA49J8PXlVx48CeEFpL0odP6KBkVT+Bw6kAe8JlI3mIezyN05VCDJGtS2I5E6WEsE+DJL1t9A==
  dependencies:
    "@opentelemetry/core" "1.9.1"
    "@opentelemetry/resources" "1.9.1"
    "@opentelemetry/sdk-metrics" "1.9.1"
    "@opentelemetry/sdk-trace-base" "1.9.1"

"@opentelemetry/resources@1.9.1":
  version "1.9.1"
  resolved "https://registry.yarnpkg.com/@opentelemetry/resources/-/resources-1.9.1.tgz#5ad3d80ba968a3a0e56498ce4bc82a6a01f2682f"
  integrity sha512-VqBGbnAfubI+l+yrtYxeLyOoL358JK57btPMJDd3TCOV3mV5TNBmzvOfmesM4NeTyXuGJByd3XvOHvFezLn3rQ==
  dependencies:
    "@opentelemetry/core" "1.9.1"
    "@opentelemetry/semantic-conventions" "1.9.1"

"@opentelemetry/sdk-metrics@1.9.1":
  version "1.9.1"
  resolved "https://registry.yarnpkg.com/@opentelemetry/sdk-metrics/-/sdk-metrics-1.9.1.tgz#babc162a81df9884c16b1e67c2dd26ab478f3080"
  integrity sha512-AyhKDcA8NuV7o1+9KvzRMxNbATJ8AcrutKilJ6hWSo9R5utnzxgffV4y+Hp4mJn84iXxkv+CBb99GOJ2A5OMzA==
  dependencies:
    "@opentelemetry/core" "1.9.1"
    "@opentelemetry/resources" "1.9.1"
    lodash.merge "4.6.2"

"@opentelemetry/sdk-trace-base@1.9.1":
  version "1.9.1"
  resolved "https://registry.yarnpkg.com/@opentelemetry/sdk-trace-base/-/sdk-trace-base-1.9.1.tgz#c349491b432a7e0ae7316f0b48b2d454d79d2b84"
  integrity sha512-Y9gC5M1efhDLYHeeo2MWcDDMmR40z6QpqcWnPCm4Dmh+RHAMf4dnEBBntIe1dDpor686kyU6JV1D29ih1lZpsQ==
  dependencies:
    "@opentelemetry/core" "1.9.1"
    "@opentelemetry/resources" "1.9.1"
    "@opentelemetry/semantic-conventions" "1.9.1"

"@opentelemetry/semantic-conventions@1.9.1":
  version "1.9.1"
  resolved "https://registry.yarnpkg.com/@opentelemetry/semantic-conventions/-/semantic-conventions-1.9.1.tgz#ad3367684a57879392513479e0a436cb2ac46dad"
  integrity sha512-oPQdbFDmZvjXk5ZDoBGXG8B4tSB/qW5vQunJWQMFUBp7Xe8O1ByPANueJ+Jzg58esEBegyyxZ7LRmfJr7kFcFg==

lodash.merge@4.6.2:
  version "4.6.2"
  resolved "https://registry.yarnpkg.com/lodash.merge/-/lodash.merge-4.6.2.tgz#558aa53b43b661e1925a0afdfa36a9a1085fe57a"
  integrity sha512-0KpjqXRVvrYyCsX1swR/XTK0va6VQkQM6MNo7PqW77ByjAhoARA8EfrP1N4+KlKj8YS0ZUCtRT/YUuhyYDujIQ==

typescript@^4.9.5:
  version "4.9.5"
  resolved "https://registry.yarnpkg.com/typescript/-/typescript-4.9.5.tgz#095979f9bcc0d09da324d58d03ce8f8374cbe65a"
  integrity sha512-1FXk9E2Hm+QzZQ7z+McJiHL4NW1F2EzMu9Nq9i3zAaGqibafqYwCVU6WyWAuyQRRzOlxou8xZSyXLEN8oKj24g==

ua-parser-js@^1.0.32:
  version "1.0.34"
  resolved "https://registry.yarnpkg.com/ua-parser-js/-/ua-parser-js-1.0.34.tgz#b33f41c415325839f354005d25a2f588be296976"
  integrity sha512-K9mwJm/DaB6mRLZfw6q8IMXipcrmuT6yfhYmwhAkuh+81sChuYstYA+znlgaflUPaYUa3odxKPKGw6Vw/lANew==

web-vitals@^3.1.1:
  version "3.3.0"
  resolved "https://registry.yarnpkg.com/web-vitals/-/web-vitals-3.3.0.tgz#2e14bcbb3acf71d00c49519ab92cc517511476d5"
  integrity sha512-GZsEmJBNclIpViS/7QVOTr7Kbt4BgLeR7kQ5zCCtJVuiWsA+K6xTXaoEXssvl8yYFICEyNmA2Nr+vgBYTnS4bA==
